
Microsoft Visual Studio Solution File, Format Version 12.00
# Visual Studio Version 17
VisualStudioVersion = 17.7.34031.279
MinimumVisualStudioVersion = 10.0.40219.1
Project("{FAE04EC0-301F-11D3-BF4B-00C04F79EFBC}") = "ConsoleAppDooptask3H1", "ConsoleAppDooptask3H1.csproj", "{D6008CDA-6DC0-4C2A-BB4E-04F89D0B26A3}"
EndProject
Global
	GlobalSection(SolutionConfigurationPlatforms) = preSolution
		Debug|Any CPU = Debug|Any CPU
		Release|Any CPU = Release|Any CPU
	EndGlobalSection
	GlobalSection(ProjectConfigurationPlatforms) = postSolution
		{D6008CDA-6DC0-4C2A-BB4E-04F89D0B26A3}.Debug|Any CPU.ActiveCfg = Debug|Any CPU
		{D6008CDA-6DC0-4C2A-BB4E-04F89D0B26A3}.Debug|Any CPU.Build.0 = Debug|Any CPU
		{D6008CDA-6DC0-4C2A-BB4E-04F89D0B26A3}.Release|Any CPU.ActiveCfg = Release|Any CPU
		{D6008CDA-6DC0-4C2A-BB4E-04F89D0B26A3}.Release|Any CPU.Build.0 = Release|Any CPU
	EndGlobalSection
	GlobalSection(SolutionProperties) = preSolution
		HideSolutionNode = FALSE
	EndGlobalSection
	GlobalSection(ExtensibilityGlobals) = postSolution
		SolutionGuid = {80368BCE-6EC8-4EAC-9349-1DF227EC9B59}
	EndGlobalSection
EndGlobal
